
Microsoft Visual Studio Solution File, Format Version 12.00
# Visual Studio Version 16
VisualStudioVersion = 16.0.29324.140
MinimumVisualStudioVersion = 10.0.40219.1
Project("{FAE04EC0-301F-11D3-BF4B-00C04F79EFBC}") = "abstrakteKlassen", "abstrakteKlassen\abstrakteKlassen.csproj", "{67C44E3C-5DF6-4434-B08A-AC91C527CECF}"
EndProject
Global
	GlobalSection(SolutionConfigurationPlatforms) = preSolution
		Debug|Any CPU = Debug|Any CPU
		Release|Any CPU = Release|Any CPU
	EndGlobalSection
	GlobalSection(ProjectConfigurationPlatforms) = postSolution
		{67C44E3C-5DF6-4434-B08A-AC91C527CECF}.Debug|Any CPU.ActiveCfg = Debug|Any CPU
		{67C44E3C-5DF6-4434-B08A-AC91C527CECF}.Debug|Any CPU.Build.0 = Debug|Any CPU
		{67C44E3C-5DF6-4434-B08A-AC91C527CECF}.Release|Any CPU.ActiveCfg = Release|Any CPU
		{67C44E3C-5DF6-4434-B08A-AC91C527CECF}.Release|Any CPU.Build.0 = Release|Any CPU
	EndGlobalSection
	GlobalSection(SolutionProperties) = preSolution
		HideSolutionNode = FALSE
	EndGlobalSection
	GlobalSection(ExtensibilityGlobals) = postSolution
		SolutionGuid = {3788FB69-50FF-4FE5-8676-9D4D198182DE}
	EndGlobalSection
EndGlobal
